// !$*UTF8*$!
{
	archiveVersion = 1;
	classes = {
	};
	objectVersion = 46;
	objects = {

/* Begin PBXAggregateTarget section */
		702CDA5F1D1B105700A5ABF4 /* NutellaBuilder */ = {
			isa = PBXAggregateTarget;
			buildConfigurationList = 702CDA621D1B105700A5ABF4 /* Build configuration list for PBXAggregateTarget "NutellaBuilder" */;
			buildPhases = (
				702CDA631D1B105C00A5ABF4 /* ShellScript */,
			);
			dependencies = (
			);
			name = NutellaBuilder;
			productName = NutellaBuilder;
		};
/* End PBXAggregateTarget section */

/* Begin PBXBuildFile section */
		7011CB921D1A47C600BD11A4 /* Nutella.h in Headers */ = {isa = PBXBuildFile; fileRef = 7011CB911D1A47C600BD11A4 /* Nutella.h */; settings = {ATTRIBUTES = (Public, ); }; };
		7011CB991D1A47C600BD11A4 /* Nutella.framework in Frameworks */ = {isa = PBXBuildFile; fileRef = 7011CB8E1D1A47C600BD11A4 /* Nutella.framework */; };
		7011CB9E1D1A47C600BD11A4 /* NutellaTests.swift in Sources */ = {isa = PBXBuildFile; fileRef = 7011CB9D1D1A47C600BD11A4 /* NutellaTests.swift */; };
		702CDA461D1AFB5300A5ABF4 /* AppDelegate.swift in Sources */ = {isa = PBXBuildFile; fileRef = 702CDA451D1AFB5300A5ABF4 /* AppDelegate.swift */; };
		702CDA481D1AFB5300A5ABF4 /* ViewController.swift in Sources */ = {isa = PBXBuildFile; fileRef = 702CDA471D1AFB5300A5ABF4 /* ViewController.swift */; };
		702CDA4D1D1AFB5300A5ABF4 /* Assets.xcassets in Resources */ = {isa = PBXBuildFile; fileRef = 702CDA4C1D1AFB5300A5ABF4 /* Assets.xcassets */; };
		703382A61D1A52AF00A445CC /* NutellaConfigDelegate.swift in Sources */ = {isa = PBXBuildFile; fileRef = 703382A31D1A52AF00A445CC /* NutellaConfigDelegate.swift */; };
		703382A71D1A52AF00A445CC /* NutellaDelegate.swift in Sources */ = {isa = PBXBuildFile; fileRef = 703382A41D1A52AF00A445CC /* NutellaDelegate.swift */; };
		703382A81D1A52AF00A445CC /* NutellaNetDelegate.swift in Sources */ = {isa = PBXBuildFile; fileRef = 703382A51D1A52AF00A445CC /* NutellaNetDelegate.swift */; };
		703382AA1D1A52DF00A445CC /* NutellaLocation.swift in Sources */ = {isa = PBXBuildFile; fileRef = 703382A91D1A52DF00A445CC /* NutellaLocation.swift */; };
		703382AC1D1A530D00A445CC /* CoreLocation.framework in Frameworks */ = {isa = PBXBuildFile; fileRef = 703382AB1D1A530D00A445CC /* CoreLocation.framework */; };
		703382AE1D1A531600A445CC /* CoreBluetooth.framework in Frameworks */ = {isa = PBXBuildFile; fileRef = 703382AD1D1A531600A445CC /* CoreBluetooth.framework */; };
		703382B11D1A534000A445CC /* NutellaLocationDelegate.swift in Sources */ = {isa = PBXBuildFile; fileRef = 703382B01D1A534000A445CC /* NutellaLocationDelegate.swift */; };
		703382B41D1A536900A445CC /* NutellaNet.swift in Sources */ = {isa = PBXBuildFile; fileRef = 703382B31D1A536900A445CC /* NutellaNet.swift */; };
		703382B91D1A539500A445CC /* NutellaNetRequest.swift in Sources */ = {isa = PBXBuildFile; fileRef = 703382B51D1A539500A445CC /* NutellaNetRequest.swift */; };
		703382BA1D1A539500A445CC /* Dictionary.swift in Sources */ = {isa = PBXBuildFile; fileRef = 703382B61D1A539500A445CC /* Dictionary.swift */; };
		703382BC1D1A539500A445CC /* NutellaMain.swift in Sources */ = {isa = PBXBuildFile; fileRef = 703382B81D1A539500A445CC /* NutellaMain.swift */; };
		703776B11D1B24B20039BFFC /* LaunchScreen.storyboard in Resources */ = {isa = PBXBuildFile; fileRef = 702CDA4E1D1AFB5300A5ABF4 /* LaunchScreen.storyboard */; };
		70BB13FE1D64B7DB00140733 /* SimpleMQTTClient.framework in Frameworks */ = {isa = PBXBuildFile; fileRef = 70BB13FD1D64B7DB00140733 /* SimpleMQTTClient.framework */; };
		70BB14021D64B93900140733 /* SwiftyJSON.swift in Sources */ = {isa = PBXBuildFile; fileRef = 70BB14011D64B93900140733 /* SwiftyJSON.swift */; };
		70BB14031D64B93900140733 /* SwiftyJSON.swift in Sources */ = {isa = PBXBuildFile; fileRef = 70BB14011D64B93900140733 /* SwiftyJSON.swift */; };
		70BB14041D64B93900140733 /* SwiftyJSON.swift in Sources */ = {isa = PBXBuildFile; fileRef = 70BB14011D64B93900140733 /* SwiftyJSON.swift */; };
		70BB14141D64D4CE00140733 /* Nutella.framework in Embed Frameworks */ = {isa = PBXBuildFile; fileRef = 70BB14121D64D4CE00140733 /* Nutella.framework */; settings = {ATTRIBUTES = (CodeSignOnCopy, RemoveHeadersOnCopy, ); }; };
		70BB14161D64D73400140733 /* SimpleMQTTClient.framework in Frameworks */ = {isa = PBXBuildFile; fileRef = 70BB13FD1D64B7DB00140733 /* SimpleMQTTClient.framework */; };
		70BB14171D64D73400140733 /* SimpleMQTTClient.framework in Embed Frameworks */ = {isa = PBXBuildFile; fileRef = 70BB13FD1D64B7DB00140733 /* SimpleMQTTClient.framework */; settings = {ATTRIBUTES = (CodeSignOnCopy, RemoveHeadersOnCopy, ); }; };
		70E472581D1B252700B1E746 /* Main.storyboard in Resources */ = {isa = PBXBuildFile; fileRef = 70E472571D1B252700B1E746 /* Main.storyboard */; };
/* End PBXBuildFile section */

/* Begin PBXContainerItemProxy section */
		7011CB9A1D1A47C600BD11A4 /* PBXContainerItemProxy */ = {
			isa = PBXContainerItemProxy;
			containerPortal = 7011CB851D1A47C600BD11A4 /* Project object */;
			proxyType = 1;
			remoteGlobalIDString = 7011CB8D1D1A47C600BD11A4;
			remoteInfo = Nutella;
		};
/* End PBXContainerItemProxy section */

/* Begin PBXCopyFilesBuildPhase section */
		70BB14151D64D4CE00140733 /* Embed Frameworks */ = {
			isa = PBXCopyFilesBuildPhase;
			buildActionMask = 2147483647;
			dstPath = "";
			dstSubfolderSpec = 10;
			files = (
				70BB14141D64D4CE00140733 /* Nutella.framework in Embed Frameworks */,
				70BB14171D64D73400140733 /* SimpleMQTTClient.framework in Embed Frameworks */,
			);
			name = "Embed Frameworks";
			runOnlyForDeploymentPostprocessing = 0;
		};
/* End PBXCopyFilesBuildPhase section */

/* Begin PBXFileReference section */
		7011CB8E1D1A47C600BD11A4 /* Nutella.framework */ = {isa = PBXFileReference; explicitFileType = wrapper.framework; includeInIndex = 0; path = Nutella.framework; sourceTree = BUILT_PRODUCTS_DIR; };
		7011CB911D1A47C600BD11A4 /* Nutella.h */ = {isa = PBXFileReference; lastKnownFileType = sourcecode.c.h; path = Nutella.h; sourceTree = "<group>"; };
		7011CB931D1A47C600BD11A4 /* Info.plist */ = {isa = PBXFileReference; lastKnownFileType = text.plist.xml; path = Info.plist; sourceTree = "<group>"; };
		7011CB981D1A47C600BD11A4 /* NutellaTests.xctest */ = {isa = PBXFileReference; explicitFileType = wrapper.cfbundle; includeInIndex = 0; path = NutellaTests.xctest; sourceTree = BUILT_PRODUCTS_DIR; };
		7011CB9D1D1A47C600BD11A4 /* NutellaTests.swift */ = {isa = PBXFileReference; lastKnownFileType = sourcecode.swift; path = NutellaTests.swift; sourceTree = "<group>"; };
		7011CB9F1D1A47C600BD11A4 /* Info.plist */ = {isa = PBXFileReference; lastKnownFileType = text.plist.xml; path = Info.plist; sourceTree = "<group>"; };
		702CDA431D1AFB5300A5ABF4 /* NutellaUI.app */ = {isa = PBXFileReference; explicitFileType = wrapper.application; includeInIndex = 0; path = NutellaUI.app; sourceTree = BUILT_PRODUCTS_DIR; };
		702CDA451D1AFB5300A5ABF4 /* AppDelegate.swift */ = {isa = PBXFileReference; lastKnownFileType = sourcecode.swift; path = AppDelegate.swift; sourceTree = "<group>"; };
		702CDA471D1AFB5300A5ABF4 /* ViewController.swift */ = {isa = PBXFileReference; fileEncoding = 4; lastKnownFileType = sourcecode.swift; path = ViewController.swift; sourceTree = "<group>"; };
		702CDA4C1D1AFB5300A5ABF4 /* Assets.xcassets */ = {isa = PBXFileReference; lastKnownFileType = folder.assetcatalog; path = Assets.xcassets; sourceTree = "<group>"; };
		702CDA4F1D1AFB5300A5ABF4 /* Base */ = {isa = PBXFileReference; lastKnownFileType = file.storyboard; name = Base; path = Base.lproj/LaunchScreen.storyboard; sourceTree = "<group>"; };
		702CDA511D1AFB5300A5ABF4 /* Info.plist */ = {isa = PBXFileReference; fileEncoding = 4; lastKnownFileType = text.plist.xml; path = Info.plist; sourceTree = "<group>"; };
		703382A31D1A52AF00A445CC /* NutellaConfigDelegate.swift */ = {isa = PBXFileReference; fileEncoding = 4; lastKnownFileType = sourcecode.swift; path = NutellaConfigDelegate.swift; sourceTree = "<group>"; };
		703382A41D1A52AF00A445CC /* NutellaDelegate.swift */ = {isa = PBXFileReference; fileEncoding = 4; lastKnownFileType = sourcecode.swift; path = NutellaDelegate.swift; sourceTree = "<group>"; };
		703382A51D1A52AF00A445CC /* NutellaNetDelegate.swift */ = {isa = PBXFileReference; fileEncoding = 4; lastKnownFileType = sourcecode.swift; path = NutellaNetDelegate.swift; sourceTree = "<group>"; };
		703382A91D1A52DF00A445CC /* NutellaLocation.swift */ = {isa = PBXFileReference; fileEncoding = 4; lastKnownFileType = sourcecode.swift; path = NutellaLocation.swift; sourceTree = "<group>"; };
		703382AB1D1A530D00A445CC /* CoreLocation.framework */ = {isa = PBXFileReference; lastKnownFileType = wrapper.framework; name = CoreLocation.framework; path = System/Library/Frameworks/CoreLocation.framework; sourceTree = SDKROOT; };
		703382AD1D1A531600A445CC /* CoreBluetooth.framework */ = {isa = PBXFileReference; lastKnownFileType = wrapper.framework; name = CoreBluetooth.framework; path = System/Library/Frameworks/CoreBluetooth.framework; sourceTree = SDKROOT; };
		703382B01D1A534000A445CC /* NutellaLocationDelegate.swift */ = {isa = PBXFileReference; fileEncoding = 4; lastKnownFileType = sourcecode.swift; path = NutellaLocationDelegate.swift; sourceTree = "<group>"; };
		703382B31D1A536900A445CC /* NutellaNet.swift */ = {isa = PBXFileReference; fileEncoding = 4; lastKnownFileType = sourcecode.swift; path = NutellaNet.swift; sourceTree = "<group>"; };
		703382B51D1A539500A445CC /* NutellaNetRequest.swift */ = {isa = PBXFileReference; fileEncoding = 4; lastKnownFileType = sourcecode.swift; path = NutellaNetRequest.swift; sourceTree = "<group>"; };
		703382B61D1A539500A445CC /* Dictionary.swift */ = {isa = PBXFileReference; fileEncoding = 4; lastKnownFileType = sourcecode.swift; path = Dictionary.swift; sourceTree = "<group>"; };
		703382B81D1A539500A445CC /* NutellaMain.swift */ = {isa = PBXFileReference; fileEncoding = 4; lastKnownFileType = sourcecode.swift; path = NutellaMain.swift; sourceTree = "<group>"; };
		70BB13FD1D64B7DB00140733 /* SimpleMQTTClient.framework */ = {isa = PBXFileReference; lastKnownFileType = wrapper.framework; path = SimpleMQTTClient.framework; sourceTree = "<group>"; };
		70BB14001D64B93800140733 /* NutellaBuilder-Bridging-Header.h */ = {isa = PBXFileReference; lastKnownFileType = sourcecode.c.h; path = "NutellaBuilder-Bridging-Header.h"; sourceTree = "<group>"; };
		70BB14011D64B93900140733 /* SwiftyJSON.swift */ = {isa = PBXFileReference; fileEncoding = 4; lastKnownFileType = sourcecode.swift; path = SwiftyJSON.swift; sourceTree = "<group>"; };
		70BB14121D64D4CE00140733 /* Nutella.framework */ = {isa = PBXFileReference; lastKnownFileType = wrapper.framework; name = Nutella.framework; path = ../Nutella.framework; sourceTree = "<group>"; };
		70E472571D1B252700B1E746 /* Main.storyboard */ = {isa = PBXFileReference; fileEncoding = 4; lastKnownFileType = file.storyboard; path = Main.storyboard; sourceTree = "<group>"; };
/* End PBXFileReference section */

/* Begin PBXFrameworksBuildPhase section */
		7011CB8A1D1A47C600BD11A4 /* Frameworks */ = {
			isa = PBXFrameworksBuildPhase;
			buildActionMask = 2147483647;
			files = (
				703382AE1D1A531600A445CC /* CoreBluetooth.framework in Frameworks */,
				703382AC1D1A530D00A445CC /* CoreLocation.framework in Frameworks */,
				70BB13FE1D64B7DB00140733 /* SimpleMQTTClient.framework in Frameworks */,
			);
			runOnlyForDeploymentPostprocessing = 0;
		};
		7011CB951D1A47C600BD11A4 /* Frameworks */ = {
			isa = PBXFrameworksBuildPhase;
			buildActionMask = 2147483647;
			files = (
				7011CB991D1A47C600BD11A4 /* Nutella.framework in Frameworks */,
			);
			runOnlyForDeploymentPostprocessing = 0;
		};
		702CDA401D1AFB5300A5ABF4 /* Frameworks */ = {
			isa = PBXFrameworksBuildPhase;
			buildActionMask = 2147483647;
			files = (
				70BB14161D64D73400140733 /* SimpleMQTTClient.framework in Frameworks */,
			);
			runOnlyForDeploymentPostprocessing = 0;
		};
/* End PBXFrameworksBuildPhase section */

/* Begin PBXGroup section */
		7011CB841D1A47C600BD11A4 = {
			isa = PBXGroup;
			children = (
				7011CB901D1A47C600BD11A4 /* Nutella */,
				7011CB9C1D1A47C600BD11A4 /* NutellaTests */,
				702CDA441D1AFB5300A5ABF4 /* NutellaUI */,
				7011CB8F1D1A47C600BD11A4 /* Products */,
			);
			sourceTree = "<group>";
		};
		7011CB8F1D1A47C600BD11A4 /* Products */ = {
			isa = PBXGroup;
			children = (
				7011CB8E1D1A47C600BD11A4 /* Nutella.framework */,
				7011CB981D1A47C600BD11A4 /* NutellaTests.xctest */,
				702CDA431D1AFB5300A5ABF4 /* NutellaUI.app */,
			);
			name = Products;
			sourceTree = "<group>";
		};
		7011CB901D1A47C600BD11A4 /* Nutella */ = {
			isa = PBXGroup;
			children = (
				703382B21D1A535C00A445CC /* Delegates */,
				703382B31D1A536900A445CC /* NutellaNet.swift */,
				703382A91D1A52DF00A445CC /* NutellaLocation.swift */,
				703382B51D1A539500A445CC /* NutellaNetRequest.swift */,
				703382B61D1A539500A445CC /* Dictionary.swift */,
				70BB14011D64B93900140733 /* SwiftyJSON.swift */,
				703382B81D1A539500A445CC /* NutellaMain.swift */,
				703382AF1D1A532900A445CC /* Frameworks */,
				7011CB911D1A47C600BD11A4 /* Nutella.h */,
				7011CB931D1A47C600BD11A4 /* Info.plist */,
				70BB14001D64B93800140733 /* NutellaBuilder-Bridging-Header.h */,
			);
			path = Nutella;
			sourceTree = "<group>";
		};
		7011CB9C1D1A47C600BD11A4 /* NutellaTests */ = {
			isa = PBXGroup;
			children = (
				7011CB9D1D1A47C600BD11A4 /* NutellaTests.swift */,
				7011CB9F1D1A47C600BD11A4 /* Info.plist */,
			);
			path = NutellaTests;
			sourceTree = "<group>";
		};
		702CDA441D1AFB5300A5ABF4 /* NutellaUI */ = {
			isa = PBXGroup;
			children = (
				70BB14121D64D4CE00140733 /* Nutella.framework */,
				70E472571D1B252700B1E746 /* Main.storyboard */,
				702CDA451D1AFB5300A5ABF4 /* AppDelegate.swift */,
				702CDA471D1AFB5300A5ABF4 /* ViewController.swift */,
				702CDA4C1D1AFB5300A5ABF4 /* Assets.xcassets */,
				702CDA4E1D1AFB5300A5ABF4 /* LaunchScreen.storyboard */,
				702CDA511D1AFB5300A5ABF4 /* Info.plist */,
			);
			path = NutellaUI;
			sourceTree = "<group>";
		};
		703382AF1D1A532900A445CC /* Frameworks */ = {
			isa = PBXGroup;
			children = (
				70BB13FD1D64B7DB00140733 /* SimpleMQTTClient.framework */,
				703382AD1D1A531600A445CC /* CoreBluetooth.framework */,
				703382AB1D1A530D00A445CC /* CoreLocation.framework */,
			);
			name = Frameworks;
			sourceTree = "<group>";
		};
		703382B21D1A535C00A445CC /* Delegates */ = {
			isa = PBXGroup;
			children = (
				703382B01D1A534000A445CC /* NutellaLocationDelegate.swift */,
				703382A31D1A52AF00A445CC /* NutellaConfigDelegate.swift */,
				703382A51D1A52AF00A445CC /* NutellaNetDelegate.swift */,
				703382A41D1A52AF00A445CC /* NutellaDelegate.swift */,
			);
			name = Delegates;
			sourceTree = "<group>";
		};
/* End PBXGroup section */

/* Begin PBXHeadersBuildPhase section */
		7011CB8B1D1A47C600BD11A4 /* Headers */ = {
			isa = PBXHeadersBuildPhase;
			buildActionMask = 2147483647;
			files = (
				7011CB921D1A47C600BD11A4 /* Nutella.h in Headers */,
			);
			runOnlyForDeploymentPostprocessing = 0;
		};
/* End PBXHeadersBuildPhase section */

/* Begin PBXNativeTarget section */
		7011CB8D1D1A47C600BD11A4 /* Nutella */ = {
			isa = PBXNativeTarget;
			buildConfigurationList = 7011CBA21D1A47C600BD11A4 /* Build configuration list for PBXNativeTarget "Nutella" */;
			buildPhases = (
				7011CB891D1A47C600BD11A4 /* Sources */,
				7011CB8A1D1A47C600BD11A4 /* Frameworks */,
				7011CB8B1D1A47C600BD11A4 /* Headers */,
				7011CB8C1D1A47C600BD11A4 /* Resources */,
			);
			buildRules = (
			);
			dependencies = (
			);
			name = Nutella;
			productName = Nutella;
			productReference = 7011CB8E1D1A47C600BD11A4 /* Nutella.framework */;
			productType = "com.apple.product-type.framework";
		};
		7011CB971D1A47C600BD11A4 /* NutellaTests */ = {
			isa = PBXNativeTarget;
			buildConfigurationList = 7011CBA51D1A47C600BD11A4 /* Build configuration list for PBXNativeTarget "NutellaTests" */;
			buildPhases = (
				7011CB941D1A47C600BD11A4 /* Sources */,
				7011CB951D1A47C600BD11A4 /* Frameworks */,
				7011CB961D1A47C600BD11A4 /* Resources */,
			);
			buildRules = (
			);
			dependencies = (
				7011CB9B1D1A47C600BD11A4 /* PBXTargetDependency */,
			);
			name = NutellaTests;
			productName = NutellaTests;
			productReference = 7011CB981D1A47C600BD11A4 /* NutellaTests.xctest */;
			productType = "com.apple.product-type.bundle.unit-test";
		};
		702CDA421D1AFB5300A5ABF4 /* NutellaUI */ = {
			isa = PBXNativeTarget;
			buildConfigurationList = 702CDA541D1AFB5300A5ABF4 /* Build configuration list for PBXNativeTarget "NutellaUI" */;
			buildPhases = (
				702CDA3F1D1AFB5300A5ABF4 /* Sources */,
				702CDA401D1AFB5300A5ABF4 /* Frameworks */,
				702CDA411D1AFB5300A5ABF4 /* Resources */,
				70BB14151D64D4CE00140733 /* Embed Frameworks */,
			);
			buildRules = (
			);
			dependencies = (
			);
			name = NutellaUI;
			productName = NutellaUI;
			productReference = 702CDA431D1AFB5300A5ABF4 /* NutellaUI.app */;
			productType = "com.apple.product-type.application";
		};
/* End PBXNativeTarget section */

/* Begin PBXProject section */
		7011CB851D1A47C600BD11A4 /* Project object */ = {
			isa = PBXProject;
			attributes = {
				LastSwiftUpdateCheck = 0730;
				LastUpgradeCheck = 0800;
				ORGANIZATIONNAME = ltg.evl.uic.edu;
				TargetAttributes = {
					7011CB8D1D1A47C600BD11A4 = {
						CreatedOnToolsVersion = 7.3.1;
						DevelopmentTeam = CN8G286W67;
						DevelopmentTeamName = "Anthony Perritano";
						LastSwiftMigration = 0800;
					};
					7011CB971D1A47C600BD11A4 = {
						CreatedOnToolsVersion = 7.3.1;
						LastSwiftMigration = 0800;
					};
					702CDA421D1AFB5300A5ABF4 = {
						CreatedOnToolsVersion = 7.3.1;
						DevelopmentTeam = CN8G286W67;
						LastSwiftMigration = 0800;
					};
					702CDA5F1D1B105700A5ABF4 = {
						CreatedOnToolsVersion = 7.3.1;
						LastSwiftMigration = 0800;
					};
				};
			};
			buildConfigurationList = 7011CB881D1A47C600BD11A4 /* Build configuration list for PBXProject "Nutella" */;
			compatibilityVersion = "Xcode 3.2";
			developmentRegion = English;
			hasScannedForEncodings = 0;
			knownRegions = (
				en,
				Base,
			);
			mainGroup = 7011CB841D1A47C600BD11A4;
			productRefGroup = 7011CB8F1D1A47C600BD11A4 /* Products */;
			projectDirPath = "";
			projectRoot = "";
			targets = (
				7011CB8D1D1A47C600BD11A4 /* Nutella */,
				7011CB971D1A47C600BD11A4 /* NutellaTests */,
				702CDA421D1AFB5300A5ABF4 /* NutellaUI */,
				702CDA5F1D1B105700A5ABF4 /* NutellaBuilder */,
			);
		};
/* End PBXProject section */

/* Begin PBXResourcesBuildPhase section */
		7011CB8C1D1A47C600BD11A4 /* Resources */ = {
			isa = PBXResourcesBuildPhase;
			buildActionMask = 2147483647;
			files = (
			);
			runOnlyForDeploymentPostprocessing = 0;
		};
		7011CB961D1A47C600BD11A4 /* Resources */ = {
			isa = PBXResourcesBuildPhase;
			buildActionMask = 2147483647;
			files = (
			);
			runOnlyForDeploymentPostprocessing = 0;
		};
		702CDA411D1AFB5300A5ABF4 /* Resources */ = {
			isa = PBXResourcesBuildPhase;
			buildActionMask = 2147483647;
			files = (
				70E472581D1B252700B1E746 /* Main.storyboard in Resources */,
				703776B11D1B24B20039BFFC /* LaunchScreen.storyboard in Resources */,
				702CDA4D1D1AFB5300A5ABF4 /* Assets.xcassets in Resources */,
			);
			runOnlyForDeploymentPostprocessing = 0;
		};
/* End PBXResourcesBuildPhase section */

/* Begin PBXShellScriptBuildPhase section */
		702CDA631D1B105C00A5ABF4 /* ShellScript */ = {
			isa = PBXShellScriptBuildPhase;
			buildActionMask = 2147483647;
			files = (
			);
			inputPaths = (
			);
			outputPaths = (
			);
			runOnlyForDeploymentPostprocessing = 0;
			shellPath = /bin/sh;
			shellScript = "# Merge Script\n\n# 1\n# Set bash script to exit immediately if any commands fail.\nset -e\n\n# 2\n# Setup some constants for use later on.\nFRAMEWORK_NAME=\"Nutella\"\n\n# 3\n# If remnants from a previous build exist, delete them.\nif [ -d \"${SRCROOT}/build\" ]; then\nrm -rf \"${SRCROOT}/build\"\nfi\n\n# 4\n# Build the framework for device and for simulator (using\n# all needed architectures).\nxcodebuild -target \"${FRAMEWORK_NAME}\" -configuration Release -arch arm64 -arch armv7 -arch armv7s only_active_arch=no defines_module=yes -sdk \"iphoneos\"\nxcodebuild -target \"${FRAMEWORK_NAME}\" -configuration Release -arch x86_64 -arch i386 only_active_arch=no defines_module=yes -sdk \"iphonesimulator\"\n\n# 5\n# Remove .framework file if exists on Desktop from previous run.\nif [ -d \"${HOME}/Desktop/${FRAMEWORK_NAME}.framework\" ]; then\nrm -rf \"${HOME}/Desktop/${FRAMEWORK_NAME}.framework\"\nfi\n\n# 6\n# Copy the device version of framework to Desktop.\ncp -r \"${SRCROOT}/build/Release-iphoneos/${FRAMEWORK_NAME}.framework\" \"${HOME}/Desktop/${FRAMEWORK_NAME}.framework\"\n\n# 7\n# Replace the framework executable within the framework with\n# a new version created by merging the device and simulator\n# frameworks' executables with lipo.\nlipo -create -output \"${HOME}/Desktop/${FRAMEWORK_NAME}.framework/${FRAMEWORK_NAME}\" \"${SRCROOT}/build/Release-iphoneos/${FRAMEWORK_NAME}.framework/${FRAMEWORK_NAME}\" \"${SRCROOT}/build/Release-iphonesimulator/${FRAMEWORK_NAME}.framework/${FRAMEWORK_NAME}\"\n\n# 8\n# Copy the Swift module mappings for the simulator into the\n# framework.  The device mappings already exist from step 6.\ncp -r \"${SRCROOT}/build/Release-iphonesimulator/${FRAMEWORK_NAME}.framework/Modules/${FRAMEWORK_NAME}.swiftmodule/\" \"${HOME}/Desktop/${FRAMEWORK_NAME}.framework/Modules/${FRAMEWORK_NAME}.swiftmodule\"\n\n# 9\n# Delete the most recent build.\nif [ -d \"${SRCROOT}/build\" ]; then\nrm -rf \"${SRCROOT}/build\"\nfi";
		};
/* End PBXShellScriptBuildPhase section */

/* Begin PBXSourcesBuildPhase section */
		7011CB891D1A47C600BD11A4 /* Sources */ = {
			isa = PBXSourcesBuildPhase;
			buildActionMask = 2147483647;
			files = (
				703382A81D1A52AF00A445CC /* NutellaNetDelegate.swift in Sources */,
				703382BA1D1A539500A445CC /* Dictionary.swift in Sources */,
				70BB14021D64B93900140733 /* SwiftyJSON.swift in Sources */,
				703382B41D1A536900A445CC /* NutellaNet.swift in Sources */,
				703382BC1D1A539500A445CC /* NutellaMain.swift in Sources */,
				703382A71D1A52AF00A445CC /* NutellaDelegate.swift in Sources */,
				703382AA1D1A52DF00A445CC /* NutellaLocation.swift in Sources */,
				703382B11D1A534000A445CC /* NutellaLocationDelegate.swift in Sources */,
				703382A61D1A52AF00A445CC /* NutellaConfigDelegate.swift in Sources */,
				703382B91D1A539500A445CC /* NutellaNetRequest.swift in Sources */,
			);
			runOnlyForDeploymentPostprocessing = 0;
		};
		7011CB941D1A47C600BD11A4 /* Sources */ = {
			isa = PBXSourcesBuildPhase;
			buildActionMask = 2147483647;
			files = (
				7011CB9E1D1A47C600BD11A4 /* NutellaTests.swift in Sources */,
				70BB14031D64B93900140733 /* SwiftyJSON.swift in Sources */,
			);
			runOnlyForDeploymentPostprocessing = 0;
		};
		702CDA3F1D1AFB5300A5ABF4 /* Sources */ = {
			isa = PBXSourcesBuildPhase;
			buildActionMask = 2147483647;
			files = (
				702CDA481D1AFB5300A5ABF4 /* ViewController.swift in Sources */,
				70BB14041D64B93900140733 /* SwiftyJSON.swift in Sources */,
				702CDA461D1AFB5300A5ABF4 /* AppDelegate.swift in Sources */,
			);
			runOnlyForDeploymentPostprocessing = 0;
		};
/* End PBXSourcesBuildPhase section */

/* Begin PBXTargetDependency section */
		7011CB9B1D1A47C600BD11A4 /* PBXTargetDependency */ = {
			isa = PBXTargetDependency;
			target = 7011CB8D1D1A47C600BD11A4 /* Nutella */;
			targetProxy = 7011CB9A1D1A47C600BD11A4 /* PBXContainerItemProxy */;
		};
/* End PBXTargetDependency section */

/* Begin PBXVariantGroup section */
		702CDA4E1D1AFB5300A5ABF4 /* LaunchScreen.storyboard */ = {
			isa = PBXVariantGroup;
			children = (
				702CDA4F1D1AFB5300A5ABF4 /* Base */,
			);
			name = LaunchScreen.storyboard;
			sourceTree = "<group>";
		};
/* End PBXVariantGroup section */

/* Begin XCBuildConfiguration section */
		7011CBA01D1A47C600BD11A4 /* Debug */ = {
			isa = XCBuildConfiguration;
			buildSettings = {
				ALWAYS_SEARCH_USER_PATHS = NO;
				CLANG_ANALYZER_NONNULL = YES;
				CLANG_CXX_LANGUAGE_STANDARD = "gnu++0x";
				CLANG_CXX_LIBRARY = "libc++";
				CLANG_ENABLE_MODULES = YES;
				CLANG_ENABLE_OBJC_ARC = YES;
				CLANG_WARN_BOOL_CONVERSION = YES;
				CLANG_WARN_CONSTANT_CONVERSION = YES;
				CLANG_WARN_DIRECT_OBJC_ISA_USAGE = YES_ERROR;
				CLANG_WARN_EMPTY_BODY = YES;
				CLANG_WARN_ENUM_CONVERSION = YES;
				CLANG_WARN_INT_CONVERSION = YES;
				CLANG_WARN_OBJC_ROOT_CLASS = YES_ERROR;
				CLANG_WARN_UNREACHABLE_CODE = YES;
				CLANG_WARN__DUPLICATE_METHOD_MATCH = YES;
				"CODE_SIGN_IDENTITY[sdk=iphoneos*]" = "iPhone Developer";
				COPY_PHASE_STRIP = NO;
				CURRENT_PROJECT_VERSION = 1;
				DEBUG_INFORMATION_FORMAT = dwarf;
				ENABLE_STRICT_OBJC_MSGSEND = YES;
				ENABLE_TESTABILITY = YES;
				GCC_C_LANGUAGE_STANDARD = gnu99;
				GCC_DYNAMIC_NO_PIC = NO;
				GCC_NO_COMMON_BLOCKS = YES;
				GCC_OPTIMIZATION_LEVEL = 0;
				GCC_PREPROCESSOR_DEFINITIONS = (
					"DEBUG=1",
					"$(inherited)",
				);
				GCC_WARN_64_TO_32_BIT_CONVERSION = YES;
				GCC_WARN_ABOUT_RETURN_TYPE = YES_ERROR;
				GCC_WARN_UNDECLARED_SELECTOR = YES;
				GCC_WARN_UNINITIALIZED_AUTOS = YES_AGGRESSIVE;
				GCC_WARN_UNUSED_FUNCTION = YES;
				GCC_WARN_UNUSED_VARIABLE = YES;
				IPHONEOS_DEPLOYMENT_TARGET = 9.3;
				MTL_ENABLE_DEBUG_INFO = YES;
				ONLY_ACTIVE_ARCH = YES;
				SDKROOT = iphoneos;
				SWIFT_OPTIMIZATION_LEVEL = "-Onone";
				TARGETED_DEVICE_FAMILY = "1,2";
				VERSIONING_SYSTEM = "apple-generic";
				VERSION_INFO_PREFIX = "";
			};
			name = Debug;
		};
		7011CBA11D1A47C600BD11A4 /* Release */ = {
			isa = XCBuildConfiguration;
			buildSettings = {
				ALWAYS_SEARCH_USER_PATHS = NO;
				CLANG_ANALYZER_NONNULL = YES;
				CLANG_CXX_LANGUAGE_STANDARD = "gnu++0x";
				CLANG_CXX_LIBRARY = "libc++";
				CLANG_ENABLE_MODULES = YES;
				CLANG_ENABLE_OBJC_ARC = YES;
				CLANG_WARN_BOOL_CONVERSION = YES;
				CLANG_WARN_CONSTANT_CONVERSION = YES;
				CLANG_WARN_DIRECT_OBJC_ISA_USAGE = YES_ERROR;
				CLANG_WARN_EMPTY_BODY = YES;
				CLANG_WARN_ENUM_CONVERSION = YES;
				CLANG_WARN_INT_CONVERSION = YES;
				CLANG_WARN_OBJC_ROOT_CLASS = YES_ERROR;
				CLANG_WARN_UNREACHABLE_CODE = YES;
				CLANG_WARN__DUPLICATE_METHOD_MATCH = YES;
				"CODE_SIGN_IDENTITY[sdk=iphoneos*]" = "iPhone Developer";
				COPY_PHASE_STRIP = NO;
				CURRENT_PROJECT_VERSION = 1;
				DEBUG_INFORMATION_FORMAT = "dwarf-with-dsym";
				ENABLE_NS_ASSERTIONS = NO;
				ENABLE_STRICT_OBJC_MSGSEND = YES;
				GCC_C_LANGUAGE_STANDARD = gnu99;
				GCC_NO_COMMON_BLOCKS = YES;
				GCC_WARN_64_TO_32_BIT_CONVERSION = YES;
				GCC_WARN_ABOUT_RETURN_TYPE = YES_ERROR;
				GCC_WARN_UNDECLARED_SELECTOR = YES;
				GCC_WARN_UNINITIALIZED_AUTOS = YES_AGGRESSIVE;
				GCC_WARN_UNUSED_FUNCTION = YES;
				GCC_WARN_UNUSED_VARIABLE = YES;
				IPHONEOS_DEPLOYMENT_TARGET = 9.3;
				MTL_ENABLE_DEBUG_INFO = NO;
				SDKROOT = iphoneos;
				TARGETED_DEVICE_FAMILY = "1,2";
				VALIDATE_PRODUCT = YES;
				VERSIONING_SYSTEM = "apple-generic";
				VERSION_INFO_PREFIX = "";
			};
			name = Release;
		};
		7011CBA31D1A47C600BD11A4 /* Debug */ = {
			isa = XCBuildConfiguration;
			buildSettings = {
				ALWAYS_EMBED_SWIFT_STANDARD_LIBRARIES = NO;
				CLANG_ENABLE_MODULES = YES;
				CODE_SIGN_IDENTITY = "iPhone Developer";
				DEFINES_MODULE = YES;
				DYLIB_COMPATIBILITY_VERSION = 1;
				DYLIB_CURRENT_VERSION = 1;
				DYLIB_INSTALL_NAME_BASE = "@rpath";
				FRAMEWORK_SEARCH_PATHS = (
					"$(inherited)",
					"$(PROJECT_DIR)/Nutella",
				);
				INFOPLIST_FILE = Nutella/Info.plist;
				INSTALL_PATH = "$(LOCAL_LIBRARY_DIR)/Frameworks";
				IPHONEOS_DEPLOYMENT_TARGET = 9.3;
				LD_RUNPATH_SEARCH_PATHS = "$(inherited) @executable_path/Frameworks @loader_path/Frameworks";
				PRODUCT_BUNDLE_IDENTIFIER = ltg.evl.uic.edu.Nutella;
				PRODUCT_NAME = "$(TARGET_NAME)";
				SKIP_INSTALL = YES;
				SWIFT_OPTIMIZATION_LEVEL = "-Onone";
				SWIFT_VERSION = 3.0;
			};
			name = Debug;
		};
		7011CBA41D1A47C600BD11A4 /* Release */ = {
			isa = XCBuildConfiguration;
			buildSettings = {
				ALWAYS_EMBED_SWIFT_STANDARD_LIBRARIES = NO;
				CLANG_ENABLE_MODULES = YES;
				CODE_SIGN_IDENTITY = "iPhone Developer";
				DEFINES_MODULE = YES;
				DYLIB_COMPATIBILITY_VERSION = 1;
				DYLIB_CURRENT_VERSION = 1;
				DYLIB_INSTALL_NAME_BASE = "@rpath";
				FRAMEWORK_SEARCH_PATHS = (
					"$(inherited)",
					"$(PROJECT_DIR)/Nutella",
				);
				INFOPLIST_FILE = Nutella/Info.plist;
				INSTALL_PATH = "$(LOCAL_LIBRARY_DIR)/Frameworks";
				IPHONEOS_DEPLOYMENT_TARGET = 9.3;
				LD_RUNPATH_SEARCH_PATHS = "$(inherited) @executable_path/Frameworks @loader_path/Frameworks";
				PRODUCT_BUNDLE_IDENTIFIER = ltg.evl.uic.edu.Nutella;
				PRODUCT_NAME = "$(TARGET_NAME)";
				SKIP_INSTALL = YES;
				SWIFT_OPTIMIZATION_LEVEL = "-Owholemodule";
				SWIFT_VERSION = 3.0;
			};
			name = Release;
		};
		7011CBA61D1A47C600BD11A4 /* Debug */ = {
			isa = XCBuildConfiguration;
			buildSettings = {
				INFOPLIST_FILE = NutellaTests/Info.plist;
				LD_RUNPATH_SEARCH_PATHS = "$(inherited) @executable_path/Frameworks @loader_path/Frameworks";
				PRODUCT_BUNDLE_IDENTIFIER = ltg.evl.uic.edu.NutellaTests;
				PRODUCT_NAME = "$(TARGET_NAME)";
				SWIFT_VERSION = 3.0;
			};
			name = Debug;
		};
		7011CBA71D1A47C600BD11A4 /* Release */ = {
			isa = XCBuildConfiguration;
			buildSettings = {
				INFOPLIST_FILE = NutellaTests/Info.plist;
				LD_RUNPATH_SEARCH_PATHS = "$(inherited) @executable_path/Frameworks @loader_path/Frameworks";
				PRODUCT_BUNDLE_IDENTIFIER = ltg.evl.uic.edu.NutellaTests;
				PRODUCT_NAME = "$(TARGET_NAME)";
				SWIFT_OPTIMIZATION_LEVEL = "-Owholemodule";
				SWIFT_VERSION = 3.0;
			};
			name = Release;
		};
		702CDA521D1AFB5300A5ABF4 /* Debug */ = {
			isa = XCBuildConfiguration;
			buildSettings = {
				ASSETCATALOG_COMPILER_APPICON_NAME = AppIcon;
				CODE_SIGN_IDENTITY = "iPhone Developer";
				DEVELOPMENT_TEAM = CN8G286W67;
				FRAMEWORK_SEARCH_PATHS = (
					"$(inherited)",
					"$(PROJECT_DIR)",
					"$(PROJECT_DIR)/NutellaUI",
					"$(PROJECT_DIR)/Nutella",
				);
				INFOPLIST_FILE = NutellaUI/Info.plist;
				IPHONEOS_DEPLOYMENT_TARGET = 9.3;
				LD_RUNPATH_SEARCH_PATHS = "$(inherited) @executable_path/Frameworks";
				PRODUCT_BUNDLE_IDENTIFIER = ltg.evl.uic.edu.NutellaUI;
				PRODUCT_NAME = "$(TARGET_NAME)";
				SWIFT_VERSION = 3.0;
			};
			name = Debug;
		};
		702CDA531D1AFB5300A5ABF4 /* Release */ = {
			isa = XCBuildConfiguration;
			buildSettings = {
				ASSETCATALOG_COMPILER_APPICON_NAME = AppIcon;
				CODE_SIGN_IDENTITY = "iPhone Developer";
				DEVELOPMENT_TEAM = CN8G286W67;
				FRAMEWORK_SEARCH_PATHS = (
					"$(inherited)",
					"$(PROJECT_DIR)",
					"$(PROJECT_DIR)/NutellaUI",
					"$(PROJECT_DIR)/Nutella",
				);
				INFOPLIST_FILE = NutellaUI/Info.plist;
				IPHONEOS_DEPLOYMENT_TARGET = 9.3;
				LD_RUNPATH_SEARCH_PATHS = "$(inherited) @executable_path/Frameworks";
				PRODUCT_BUNDLE_IDENTIFIER = ltg.evl.uic.edu.NutellaUI;
				PRODUCT_NAME = "$(TARGET_NAME)";
				SWIFT_OPTIMIZATION_LEVEL = "-Owholemodule";
				SWIFT_VERSION = 3.0;
			};
			name = Release;
		};
		702CDA601D1B105700A5ABF4 /* Debug */ = {
			isa = XCBuildConfiguration;
			buildSettings = {
				CLANG_ENABLE_MODULES = YES;
				LD_RUNPATH_SEARCH_PATHS = "$(inherited) @executable_path/Frameworks @loader_path/Frameworks";
				PRODUCT_NAME = "$(TARGET_NAME)";
				SWIFT_OBJC_BRIDGING_HEADER = "Nutella/NutellaBuilder-Bridging-Header.h";
				SWIFT_OPTIMIZATION_LEVEL = "-Onone";
				SWIFT_VERSION = 3.0;
			};
			name = Debug;
		};
		702CDA611D1B105700A5ABF4 /* Release */ = {
			isa = XCBuildConfiguration;
			buildSettings = {
				CLANG_ENABLE_MODULES = YES;
				LD_RUNPATH_SEARCH_PATHS = "$(inherited) @executable_path/Frameworks @loader_path/Frameworks";
				PRODUCT_NAME = "$(TARGET_NAME)";
				SWIFT_OBJC_BRIDGING_HEADER = "Nutella/NutellaBuilder-Bridging-Header.h";
				SWIFT_VERSION = 3.0;
			};
			name = Release;
		};
/* End XCBuildConfiguration section */

/* Begin XCConfigurationList section */
		7011CB881D1A47C600BD11A4 /* Build configuration list for PBXProject "Nutella" */ = {
			isa = XCConfigurationList;
			buildConfigurations = (
				7011CBA01D1A47C600BD11A4 /* Debug */,
				7011CBA11D1A47C600BD11A4 /* Release */,
			);
			defaultConfigurationIsVisible = 0;
			defaultConfigurationName = Release;
		};
		7011CBA21D1A47C600BD11A4 /* Build configuration list for PBXNativeTarget "Nutella" */ = {
			isa = XCConfigurationList;
			buildConfigurations = (
				7011CBA31D1A47C600BD11A4 /* Debug */,
				7011CBA41D1A47C600BD11A4 /* Release */,
			);
			defaultConfigurationIsVisible = 0;
			defaultConfigurationName = Release;
		};
		7011CBA51D1A47C600BD11A4 /* Build configuration list for PBXNativeTarget "NutellaTests" */ = {
			isa = XCConfigurationList;
			buildConfigurations = (
				7011CBA61D1A47C600BD11A4 /* Debug */,
				7011CBA71D1A47C600BD11A4 /* Release */,
			);
			defaultConfigurationIsVisible = 0;
			defaultConfigurationName = Release;
		};
		702CDA541D1AFB5300A5ABF4 /* Build configuration list for PBXNativeTarget "NutellaUI" */ = {
			isa = XCConfigurationList;
			buildConfigurations = (
				702CDA521D1AFB5300A5ABF4 /* Debug */,
				702CDA531D1AFB5300A5ABF4 /* Release */,
			);
			defaultConfigurationIsVisible = 0;
			defaultConfigurationName = Release;
		};
		702CDA621D1B105700A5ABF4 /* Build configuration list for PBXAggregateTarget "NutellaBuilder" */ = {
			isa = XCConfigurationList;
			buildConfigurations = (
				702CDA601D1B105700A5ABF4 /* Debug */,
				702CDA611D1B105700A5ABF4 /* Release */,
			);
			defaultConfigurationIsVisible = 0;
			defaultConfigurationName = Release;
		};
/* End XCConfigurationList section */
	};
	rootObject = 7011CB851D1A47C600BD11A4 /* Project object */;
}
