// !$*UTF8*$!
{
	archiveVersion = 1;
	classes = {
	};
	objectVersion = 46;
	objects = {

/* Begin PBXBuildFile section */
		990FB4541BDD441B00B99A32 /* icon@2x.png in Resources */ = {isa = PBXBuildFile; fileRef = 990FB4511BDD441B00B99A32 /* icon@2x.png */; };
		990FB4551BDD441B00B99A32 /* wall@2x.png in Resources */ = {isa = PBXBuildFile; fileRef = 990FB4521BDD441B00B99A32 /* wall@2x.png */; };
		990FB4561BDD441B00B99A32 /* Wallcology splash@2x.png in Resources */ = {isa = PBXBuildFile; fileRef = 990FB4531BDD441B00B99A32 /* Wallcology splash@2x.png */; };
		990FB45B1BDD44B500B99A32 /* wall.png in Resources */ = {isa = PBXBuildFile; fileRef = 990FB4581BDD44B500B99A32 /* wall.png */; };
		990FB45C1BDD44B500B99A32 /* Wallcology splash.png in Resources */ = {isa = PBXBuildFile; fileRef = 990FB4591BDD44B500B99A32 /* Wallcology splash.png */; };
		990FB45E1BDD44C300B99A32 /* icon.png in Resources */ = {isa = PBXBuildFile; fileRef = 990FB45D1BDD44C300B99A32 /* icon.png */; };
		9919856F1AA97CBE00676E66 /* Nutella.framework in Frameworks */ = {isa = PBXBuildFile; fileRef = 9919856E1AA97CBE00676E66 /* Nutella.framework */; };
		991985711AA97CC400676E66 /* Nutella.framework in Embed Frameworks */ = {isa = PBXBuildFile; fileRef = 9919856E1AA97CBE00676E66 /* Nutella.framework */; settings = {ATTRIBUTES = (CodeSignOnCopy, RemoveHeadersOnCopy, ); }; };
		99949A251A92B61B00F532A2 /* SimpleMQTTClient.framework in Frameworks */ = {isa = PBXBuildFile; fileRef = 99949A241A92B61B00F532A2 /* SimpleMQTTClient.framework */; };
		99949A261A92B61F00F532A2 /* SimpleMQTTClient.framework in Embed Frameworks */ = {isa = PBXBuildFile; fileRef = 99949A241A92B61B00F532A2 /* SimpleMQTTClient.framework */; settings = {ATTRIBUTES = (CodeSignOnCopy, RemoveHeadersOnCopy, ); }; };
		99DFC3651A6DDF0A0009E83C /* UIKit.framework in Frameworks */ = {isa = PBXBuildFile; fileRef = 99DFC3641A6DDF0A0009E83C /* UIKit.framework */; };
		99EE8F341A6DDB4200D31E89 /* AppDelegate.swift in Sources */ = {isa = PBXBuildFile; fileRef = 99EE8F331A6DDB4200D31E89 /* AppDelegate.swift */; };
		99EE8F361A6DDB4200D31E89 /* ViewController.swift in Sources */ = {isa = PBXBuildFile; fileRef = 99EE8F351A6DDB4200D31E89 /* ViewController.swift */; };
		99EE8F391A6DDB4200D31E89 /* Main.storyboard in Resources */ = {isa = PBXBuildFile; fileRef = 99EE8F371A6DDB4200D31E89 /* Main.storyboard */; };
		99EE8F3B1A6DDB4200D31E89 /* Images.xcassets in Resources */ = {isa = PBXBuildFile; fileRef = 99EE8F3A1A6DDB4200D31E89 /* Images.xcassets */; };
		99EE8F3E1A6DDB4200D31E89 /* LaunchScreen.xib in Resources */ = {isa = PBXBuildFile; fileRef = 99EE8F3C1A6DDB4200D31E89 /* LaunchScreen.xib */; };
		99EE8F4A1A6DDB4200D31E89 /* NutellaMobileGUITests.swift in Sources */ = {isa = PBXBuildFile; fileRef = 99EE8F491A6DDB4200D31E89 /* NutellaMobileGUITests.swift */; };
/* End PBXBuildFile section */

/* Begin PBXContainerItemProxy section */
		99EE8F441A6DDB4200D31E89 /* PBXContainerItemProxy */ = {
			isa = PBXContainerItemProxy;
			containerPortal = 99EE8F261A6DDB4200D31E89 /* Project object */;
			proxyType = 1;
			remoteGlobalIDString = 99EE8F2D1A6DDB4200D31E89;
			remoteInfo = NutellaMobileGUI;
		};
/* End PBXContainerItemProxy section */

/* Begin PBXCopyFilesBuildPhase section */
		999A68181A74730700655BD3 /* Embed Frameworks */ = {
			isa = PBXCopyFilesBuildPhase;
			buildActionMask = 2147483647;
			dstPath = "";
			dstSubfolderSpec = 10;
			files = (
				991985711AA97CC400676E66 /* Nutella.framework in Embed Frameworks */,
				99949A261A92B61F00F532A2 /* SimpleMQTTClient.framework in Embed Frameworks */,
			);
			name = "Embed Frameworks";
			runOnlyForDeploymentPostprocessing = 0;
		};
/* End PBXCopyFilesBuildPhase section */

/* Begin PBXFileReference section */
		990FB4511BDD441B00B99A32 /* icon@2x.png */ = {isa = PBXFileReference; lastKnownFileType = image.png; path = "icon@2x.png"; sourceTree = "<group>"; };
		990FB4521BDD441B00B99A32 /* wall@2x.png */ = {isa = PBXFileReference; lastKnownFileType = image.png; path = "wall@2x.png"; sourceTree = "<group>"; };
		990FB4531BDD441B00B99A32 /* Wallcology splash@2x.png */ = {isa = PBXFileReference; lastKnownFileType = image.png; path = "Wallcology splash@2x.png"; sourceTree = "<group>"; };
		990FB4581BDD44B500B99A32 /* wall.png */ = {isa = PBXFileReference; lastKnownFileType = image.png; path = wall.png; sourceTree = "<group>"; };
		990FB4591BDD44B500B99A32 /* Wallcology splash.png */ = {isa = PBXFileReference; lastKnownFileType = image.png; path = "Wallcology splash.png"; sourceTree = "<group>"; };
		990FB45D1BDD44C300B99A32 /* icon.png */ = {isa = PBXFileReference; lastKnownFileType = image.png; path = icon.png; sourceTree = "<group>"; };
		9919856E1AA97CBE00676E66 /* Nutella.framework */ = {isa = PBXFileReference; lastKnownFileType = wrapper.framework; name = Nutella.framework; path = "../../../DerivedData/Build/Products/Debug-iphoneuniversal/Nutella.framework"; sourceTree = "<group>"; };
		99949A241A92B61B00F532A2 /* SimpleMQTTClient.framework */ = {isa = PBXFileReference; lastKnownFileType = wrapper.framework; name = SimpleMQTTClient.framework; path = ../../../iOS/Nutella/Frameworks/SimpleMQTTClient.framework; sourceTree = "<group>"; };
		99DFC3641A6DDF0A0009E83C /* UIKit.framework */ = {isa = PBXFileReference; lastKnownFileType = wrapper.framework; name = UIKit.framework; path = System/Library/Frameworks/UIKit.framework; sourceTree = SDKROOT; };
		99EE8F2E1A6DDB4200D31E89 /* NutellaMobileGUI.app */ = {isa = PBXFileReference; explicitFileType = wrapper.application; includeInIndex = 0; path = NutellaMobileGUI.app; sourceTree = BUILT_PRODUCTS_DIR; };
		99EE8F321A6DDB4200D31E89 /* Info.plist */ = {isa = PBXFileReference; lastKnownFileType = text.plist.xml; path = Info.plist; sourceTree = "<group>"; };
		99EE8F331A6DDB4200D31E89 /* AppDelegate.swift */ = {isa = PBXFileReference; lastKnownFileType = sourcecode.swift; path = AppDelegate.swift; sourceTree = "<group>"; };
		99EE8F351A6DDB4200D31E89 /* ViewController.swift */ = {isa = PBXFileReference; lastKnownFileType = sourcecode.swift; path = ViewController.swift; sourceTree = "<group>"; };
		99EE8F381A6DDB4200D31E89 /* Base */ = {isa = PBXFileReference; lastKnownFileType = file.storyboard; name = Base; path = Base.lproj/Main.storyboard; sourceTree = "<group>"; };
		99EE8F3A1A6DDB4200D31E89 /* Images.xcassets */ = {isa = PBXFileReference; lastKnownFileType = folder.assetcatalog; path = Images.xcassets; sourceTree = "<group>"; };
		99EE8F3D1A6DDB4200D31E89 /* Base */ = {isa = PBXFileReference; lastKnownFileType = file.xib; name = Base; path = Base.lproj/LaunchScreen.xib; sourceTree = "<group>"; };
		99EE8F431A6DDB4200D31E89 /* NutellaMobileGUITests.xctest */ = {isa = PBXFileReference; explicitFileType = wrapper.cfbundle; includeInIndex = 0; path = NutellaMobileGUITests.xctest; sourceTree = BUILT_PRODUCTS_DIR; };
		99EE8F481A6DDB4200D31E89 /* Info.plist */ = {isa = PBXFileReference; lastKnownFileType = text.plist.xml; path = Info.plist; sourceTree = "<group>"; };
		99EE8F491A6DDB4200D31E89 /* NutellaMobileGUITests.swift */ = {isa = PBXFileReference; lastKnownFileType = sourcecode.swift; path = NutellaMobileGUITests.swift; sourceTree = "<group>"; };
/* End PBXFileReference section */

/* Begin PBXFrameworksBuildPhase section */
		99EE8F2B1A6DDB4200D31E89 /* Frameworks */ = {
			isa = PBXFrameworksBuildPhase;
			buildActionMask = 2147483647;
			files = (
				9919856F1AA97CBE00676E66 /* Nutella.framework in Frameworks */,
				99DFC3651A6DDF0A0009E83C /* UIKit.framework in Frameworks */,
				99949A251A92B61B00F532A2 /* SimpleMQTTClient.framework in Frameworks */,
			);
			runOnlyForDeploymentPostprocessing = 0;
		};
		99EE8F401A6DDB4200D31E89 /* Frameworks */ = {
			isa = PBXFrameworksBuildPhase;
			buildActionMask = 2147483647;
			files = (
			);
			runOnlyForDeploymentPostprocessing = 0;
		};
/* End PBXFrameworksBuildPhase section */

/* Begin PBXGroup section */
		990FB4501BDD43BC00B99A32 /* Images */ = {
			isa = PBXGroup;
			children = (
				990FB4581BDD44B500B99A32 /* wall.png */,
				990FB4521BDD441B00B99A32 /* wall@2x.png */,
				990FB45D1BDD44C300B99A32 /* icon.png */,
				990FB4511BDD441B00B99A32 /* icon@2x.png */,
				990FB4591BDD44B500B99A32 /* Wallcology splash.png */,
				990FB4531BDD441B00B99A32 /* Wallcology splash@2x.png */,
			);
			name = Images;
			sourceTree = "<group>";
		};
		99EE8F251A6DDB4200D31E89 = {
			isa = PBXGroup;
			children = (
				99EE8F301A6DDB4200D31E89 /* NutellaMobileGUI */,
				99EE8F461A6DDB4200D31E89 /* NutellaMobileGUITests */,
				99EE8F2F1A6DDB4200D31E89 /* Products */,
			);
			sourceTree = "<group>";
		};
		99EE8F2F1A6DDB4200D31E89 /* Products */ = {
			isa = PBXGroup;
			children = (
				99EE8F2E1A6DDB4200D31E89 /* NutellaMobileGUI.app */,
				99EE8F431A6DDB4200D31E89 /* NutellaMobileGUITests.xctest */,
			);
			name = Products;
			sourceTree = "<group>";
		};
		99EE8F301A6DDB4200D31E89 /* NutellaMobileGUI */ = {
			isa = PBXGroup;
			children = (
				990FB4501BDD43BC00B99A32 /* Images */,
				9919856E1AA97CBE00676E66 /* Nutella.framework */,
				99949A241A92B61B00F532A2 /* SimpleMQTTClient.framework */,
				99DFC3641A6DDF0A0009E83C /* UIKit.framework */,
				99EE8F331A6DDB4200D31E89 /* AppDelegate.swift */,
				99EE8F351A6DDB4200D31E89 /* ViewController.swift */,
				99EE8F371A6DDB4200D31E89 /* Main.storyboard */,
				99EE8F3A1A6DDB4200D31E89 /* Images.xcassets */,
				99EE8F3C1A6DDB4200D31E89 /* LaunchScreen.xib */,
				99EE8F311A6DDB4200D31E89 /* Supporting Files */,
			);
			path = NutellaMobileGUI;
			sourceTree = "<group>";
		};
		99EE8F311A6DDB4200D31E89 /* Supporting Files */ = {
			isa = PBXGroup;
			children = (
				99EE8F321A6DDB4200D31E89 /* Info.plist */,
			);
			name = "Supporting Files";
			sourceTree = "<group>";
		};
		99EE8F461A6DDB4200D31E89 /* NutellaMobileGUITests */ = {
			isa = PBXGroup;
			children = (
				99EE8F491A6DDB4200D31E89 /* NutellaMobileGUITests.swift */,
				99EE8F471A6DDB4200D31E89 /* Supporting Files */,
			);
			path = NutellaMobileGUITests;
			sourceTree = "<group>";
		};
		99EE8F471A6DDB4200D31E89 /* Supporting Files */ = {
			isa = PBXGroup;
			children = (
				99EE8F481A6DDB4200D31E89 /* Info.plist */,
			);
			name = "Supporting Files";
			sourceTree = "<group>";
		};
/* End PBXGroup section */

/* Begin PBXNativeTarget section */
		99EE8F2D1A6DDB4200D31E89 /* NutellaMobileGUI */ = {
			isa = PBXNativeTarget;
			buildConfigurationList = 99EE8F4D1A6DDB4200D31E89 /* Build configuration list for PBXNativeTarget "NutellaMobileGUI" */;
			buildPhases = (
				99EE8F2A1A6DDB4200D31E89 /* Sources */,
				99EE8F2B1A6DDB4200D31E89 /* Frameworks */,
				99EE8F2C1A6DDB4200D31E89 /* Resources */,
				999A68181A74730700655BD3 /* Embed Frameworks */,
			);
			buildRules = (
			);
			dependencies = (
			);
			name = NutellaMobileGUI;
			productName = NutellaMobileGUI;
			productReference = 99EE8F2E1A6DDB4200D31E89 /* NutellaMobileGUI.app */;
			productType = "com.apple.product-type.application";
		};
		99EE8F421A6DDB4200D31E89 /* NutellaMobileGUITests */ = {
			isa = PBXNativeTarget;
			buildConfigurationList = 99EE8F501A6DDB4200D31E89 /* Build configuration list for PBXNativeTarget "NutellaMobileGUITests" */;
			buildPhases = (
				99EE8F3F1A6DDB4200D31E89 /* Sources */,
				99EE8F401A6DDB4200D31E89 /* Frameworks */,
				99EE8F411A6DDB4200D31E89 /* Resources */,
			);
			buildRules = (
			);
			dependencies = (
				99EE8F451A6DDB4200D31E89 /* PBXTargetDependency */,
			);
			name = NutellaMobileGUITests;
			productName = NutellaMobileGUITests;
			productReference = 99EE8F431A6DDB4200D31E89 /* NutellaMobileGUITests.xctest */;
			productType = "com.apple.product-type.bundle.unit-test";
		};
/* End PBXNativeTarget section */

/* Begin PBXProject section */
		99EE8F261A6DDB4200D31E89 /* Project object */ = {
			isa = PBXProject;
			attributes = {
				LastUpgradeCheck = 0610;
				ORGANIZATIONNAME = "Gianluca Venturini";
				TargetAttributes = {
					99EE8F2D1A6DDB4200D31E89 = {
						CreatedOnToolsVersion = 6.1.1;
						DevelopmentTeam = F554V774C5;
					};
					99EE8F421A6DDB4200D31E89 = {
						CreatedOnToolsVersion = 6.1.1;
						TestTargetID = 99EE8F2D1A6DDB4200D31E89;
					};
				};
			};
			buildConfigurationList = 99EE8F291A6DDB4200D31E89 /* Build configuration list for PBXProject "NutellaMobileGUI" */;
			compatibilityVersion = "Xcode 3.2";
			developmentRegion = English;
			hasScannedForEncodings = 0;
			knownRegions = (
				en,
				Base,
			);
			mainGroup = 99EE8F251A6DDB4200D31E89;
			productRefGroup = 99EE8F2F1A6DDB4200D31E89 /* Products */;
			projectDirPath = "";
			projectRoot = "";
			targets = (
				99EE8F2D1A6DDB4200D31E89 /* NutellaMobileGUI */,
				99EE8F421A6DDB4200D31E89 /* NutellaMobileGUITests */,
			);
		};
/* End PBXProject section */

/* Begin PBXResourcesBuildPhase section */
		99EE8F2C1A6DDB4200D31E89 /* Resources */ = {
			isa = PBXResourcesBuildPhase;
			buildActionMask = 2147483647;
			files = (
				990FB4551BDD441B00B99A32 /* wall@2x.png in Resources */,
				99EE8F391A6DDB4200D31E89 /* Main.storyboard in Resources */,
				990FB45E1BDD44C300B99A32 /* icon.png in Resources */,
				990FB45B1BDD44B500B99A32 /* wall.png in Resources */,
				990FB45C1BDD44B500B99A32 /* Wallcology splash.png in Resources */,
				990FB4541BDD441B00B99A32 /* icon@2x.png in Resources */,
				990FB4561BDD441B00B99A32 /* Wallcology splash@2x.png in Resources */,
				99EE8F3E1A6DDB4200D31E89 /* LaunchScreen.xib in Resources */,
				99EE8F3B1A6DDB4200D31E89 /* Images.xcassets in Resources */,
			);
			runOnlyForDeploymentPostprocessing = 0;
		};
		99EE8F411A6DDB4200D31E89 /* Resources */ = {
			isa = PBXResourcesBuildPhase;
			buildActionMask = 2147483647;
			files = (
			);
			runOnlyForDeploymentPostprocessing = 0;
		};
/* End PBXResourcesBuildPhase section */

/* Begin PBXSourcesBuildPhase section */
		99EE8F2A1A6DDB4200D31E89 /* Sources */ = {
			isa = PBXSourcesBuildPhase;
			buildActionMask = 2147483647;
			files = (
				99EE8F361A6DDB4200D31E89 /* ViewController.swift in Sources */,
				99EE8F341A6DDB4200D31E89 /* AppDelegate.swift in Sources */,
			);
			runOnlyForDeploymentPostprocessing = 0;
		};
		99EE8F3F1A6DDB4200D31E89 /* Sources */ = {
			isa = PBXSourcesBuildPhase;
			buildActionMask = 2147483647;
			files = (
				99EE8F4A1A6DDB4200D31E89 /* NutellaMobileGUITests.swift in Sources */,
			);
			runOnlyForDeploymentPostprocessing = 0;
		};
/* End PBXSourcesBuildPhase section */

/* Begin PBXTargetDependency section */
		99EE8F451A6DDB4200D31E89 /* PBXTargetDependency */ = {
			isa = PBXTargetDependency;
			target = 99EE8F2D1A6DDB4200D31E89 /* NutellaMobileGUI */;
			targetProxy = 99EE8F441A6DDB4200D31E89 /* PBXContainerItemProxy */;
		};
/* End PBXTargetDependency section */

/* Begin PBXVariantGroup section */
		99EE8F371A6DDB4200D31E89 /* Main.storyboard */ = {
			isa = PBXVariantGroup;
			children = (
				99EE8F381A6DDB4200D31E89 /* Base */,
			);
			name = Main.storyboard;
			sourceTree = "<group>";
		};
		99EE8F3C1A6DDB4200D31E89 /* LaunchScreen.xib */ = {
			isa = PBXVariantGroup;
			children = (
				99EE8F3D1A6DDB4200D31E89 /* Base */,
			);
			name = LaunchScreen.xib;
			sourceTree = "<group>";
		};
/* End PBXVariantGroup section */

/* Begin XCBuildConfiguration section */
		99EE8F4B1A6DDB4200D31E89 /* Debug */ = {
			isa = XCBuildConfiguration;
			buildSettings = {
				ALWAYS_SEARCH_USER_PATHS = NO;
				CLANG_CXX_LANGUAGE_STANDARD = "gnu++0x";
				CLANG_CXX_LIBRARY = "libc++";
				CLANG_ENABLE_MODULES = YES;
				CLANG_ENABLE_OBJC_ARC = YES;
				CLANG_WARN_BOOL_CONVERSION = YES;
				CLANG_WARN_CONSTANT_CONVERSION = YES;
				CLANG_WARN_DIRECT_OBJC_ISA_USAGE = YES_ERROR;
				CLANG_WARN_EMPTY_BODY = YES;
				CLANG_WARN_ENUM_CONVERSION = YES;
				CLANG_WARN_INT_CONVERSION = YES;
				CLANG_WARN_OBJC_ROOT_CLASS = YES_ERROR;
				CLANG_WARN_UNREACHABLE_CODE = YES;
				CLANG_WARN__DUPLICATE_METHOD_MATCH = YES;
				"CODE_SIGN_IDENTITY[sdk=iphoneos*]" = "iPhone Developer";
				COPY_PHASE_STRIP = NO;
				ENABLE_STRICT_OBJC_MSGSEND = YES;
				GCC_C_LANGUAGE_STANDARD = gnu99;
				GCC_DYNAMIC_NO_PIC = NO;
				GCC_OPTIMIZATION_LEVEL = 0;
				GCC_PREPROCESSOR_DEFINITIONS = (
					"DEBUG=1",
					"$(inherited)",
				);
				GCC_SYMBOLS_PRIVATE_EXTERN = NO;
				GCC_WARN_64_TO_32_BIT_CONVERSION = YES;
				GCC_WARN_ABOUT_RETURN_TYPE = YES_ERROR;
				GCC_WARN_UNDECLARED_SELECTOR = YES;
				GCC_WARN_UNINITIALIZED_AUTOS = YES_AGGRESSIVE;
				GCC_WARN_UNUSED_FUNCTION = YES;
				GCC_WARN_UNUSED_VARIABLE = YES;
				IPHONEOS_DEPLOYMENT_TARGET = 8.1;
				MTL_ENABLE_DEBUG_INFO = YES;
				ONLY_ACTIVE_ARCH = YES;
				SDKROOT = iphoneos;
				SWIFT_OPTIMIZATION_LEVEL = "-Onone";
				TARGETED_DEVICE_FAMILY = "1,2";
			};
			name = Debug;
		};
		99EE8F4C1A6DDB4200D31E89 /* Release */ = {
			isa = XCBuildConfiguration;
			buildSettings = {
				ALWAYS_SEARCH_USER_PATHS = NO;
				CLANG_CXX_LANGUAGE_STANDARD = "gnu++0x";
				CLANG_CXX_LIBRARY = "libc++";
				CLANG_ENABLE_MODULES = YES;
				CLANG_ENABLE_OBJC_ARC = YES;
				CLANG_WARN_BOOL_CONVERSION = YES;
				CLANG_WARN_CONSTANT_CONVERSION = YES;
				CLANG_WARN_DIRECT_OBJC_ISA_USAGE = YES_ERROR;
				CLANG_WARN_EMPTY_BODY = YES;
				CLANG_WARN_ENUM_CONVERSION = YES;
				CLANG_WARN_INT_CONVERSION = YES;
				CLANG_WARN_OBJC_ROOT_CLASS = YES_ERROR;
				CLANG_WARN_UNREACHABLE_CODE = YES;
				CLANG_WARN__DUPLICATE_METHOD_MATCH = YES;
				"CODE_SIGN_IDENTITY[sdk=iphoneos*]" = "iPhone Developer";
				COPY_PHASE_STRIP = YES;
				ENABLE_NS_ASSERTIONS = NO;
				ENABLE_STRICT_OBJC_MSGSEND = YES;
				GCC_C_LANGUAGE_STANDARD = gnu99;
				GCC_WARN_64_TO_32_BIT_CONVERSION = YES;
				GCC_WARN_ABOUT_RETURN_TYPE = YES_ERROR;
				GCC_WARN_UNDECLARED_SELECTOR = YES;
				GCC_WARN_UNINITIALIZED_AUTOS = YES_AGGRESSIVE;
				GCC_WARN_UNUSED_FUNCTION = YES;
				GCC_WARN_UNUSED_VARIABLE = YES;
				IPHONEOS_DEPLOYMENT_TARGET = 8.1;
				MTL_ENABLE_DEBUG_INFO = NO;
				SDKROOT = iphoneos;
				TARGETED_DEVICE_FAMILY = "1,2";
				VALIDATE_PRODUCT = YES;
			};
			name = Release;
		};
		99EE8F4E1A6DDB4200D31E89 /* Debug */ = {
			isa = XCBuildConfiguration;
			buildSettings = {
				ASSETCATALOG_COMPILER_APPICON_NAME = AppIcon;
				ASSETCATALOG_COMPILER_LAUNCHIMAGE_NAME = LaunchImage;
				CODE_SIGN_IDENTITY = "iPhone Developer";
				"CODE_SIGN_IDENTITY[sdk=iphoneos*]" = "iPhone Developer";
				FRAMEWORK_SEARCH_PATHS = (
					"$(inherited)",
					"/Users/gianluca/Developer/nutella_lib.swift/DerivedData/Build/Products/Release-iphonesimulator",
					"/Users/gianluca/Developer/nutella_lib.swift/DerivedData/Build/Products/Release-iphonesimulator/Nutella.framework/Frameworks",
					/Users/gianluca/Developer/nutella_lib.swift/iOS/Nutella/Frameworks,
					"/Users/gianluca/Developer/nutella_lib.swift/DerivedData/Build/Products/Release-iphoneos",
					"/Users/gianluca/Developer/nutella_lib.swift/DerivedData/Build/Products/Debug-iphoneos",
					"/Users/gianluca/Developer/nutella_lib.swift/Output/Nutella-Release-iphoneuniversal",
					"/Users/gianluca/Developer/nutella_lib.swift/DerivedData/Build/Products/Debug-iphoneuniversal",
				);
				INFOPLIST_FILE = NutellaMobileGUI/Info.plist;
				IPHONEOS_DEPLOYMENT_TARGET = 8.1;
				LD_RUNPATH_SEARCH_PATHS = "$(inherited) @executable_path/Frameworks";
				PRODUCT_NAME = "$(TARGET_NAME)";
				PROVISIONING_PROFILE = "";
			};
			name = Debug;
		};
		99EE8F4F1A6DDB4200D31E89 /* Release */ = {
			isa = XCBuildConfiguration;
			buildSettings = {
				ASSETCATALOG_COMPILER_APPICON_NAME = AppIcon;
				ASSETCATALOG_COMPILER_LAUNCHIMAGE_NAME = LaunchImage;
				CODE_SIGN_IDENTITY = "iPhone Developer";
				"CODE_SIGN_IDENTITY[sdk=iphoneos*]" = "iPhone Developer";
				FRAMEWORK_SEARCH_PATHS = (
					"$(inherited)",
					"/Users/gianluca/Developer/nutella_lib.swift/DerivedData/Build/Products/Release-iphonesimulator",
					"/Users/gianluca/Developer/nutella_lib.swift/DerivedData/Build/Products/Release-iphonesimulator/Nutella.framework/Frameworks",
					/Users/gianluca/Developer/nutella_lib.swift/iOS/Nutella/Frameworks,
					"/Users/gianluca/Developer/nutella_lib.swift/DerivedData/Build/Products/Release-iphoneos",
					"/Users/gianluca/Developer/nutella_lib.swift/DerivedData/Build/Products/Debug-iphoneos",
					"/Users/gianluca/Developer/nutella_lib.swift/Output/Nutella-Release-iphoneuniversal",
					"/Users/gianluca/Developer/nutella_lib.swift/DerivedData/Build/Products/Debug-iphoneuniversal",
				);
				INFOPLIST_FILE = NutellaMobileGUI/Info.plist;
				IPHONEOS_DEPLOYMENT_TARGET = 8.1;
				LD_RUNPATH_SEARCH_PATHS = "$(inherited) @executable_path/Frameworks";
				PRODUCT_NAME = "$(TARGET_NAME)";
				PROVISIONING_PROFILE = "";
			};
			name = Release;
		};
		99EE8F511A6DDB4200D31E89 /* Debug */ = {
			isa = XCBuildConfiguration;
			buildSettings = {
				BUNDLE_LOADER = "$(TEST_HOST)";
				FRAMEWORK_SEARCH_PATHS = (
					"$(SDKROOT)/Developer/Library/Frameworks",
					"$(inherited)",
				);
				GCC_PREPROCESSOR_DEFINITIONS = (
					"DEBUG=1",
					"$(inherited)",
				);
				INFOPLIST_FILE = NutellaMobileGUITests/Info.plist;
				LD_RUNPATH_SEARCH_PATHS = "$(inherited) @executable_path/Frameworks @loader_path/Frameworks";
				PRODUCT_NAME = "$(TARGET_NAME)";
				TEST_HOST = "$(BUILT_PRODUCTS_DIR)/NutellaMobileGUI.app/NutellaMobileGUI";
			};
			name = Debug;
		};
		99EE8F521A6DDB4200D31E89 /* Release */ = {
			isa = XCBuildConfiguration;
			buildSettings = {
				BUNDLE_LOADER = "$(TEST_HOST)";
				FRAMEWORK_SEARCH_PATHS = (
					"$(SDKROOT)/Developer/Library/Frameworks",
					"$(inherited)",
				);
				INFOPLIST_FILE = NutellaMobileGUITests/Info.plist;
				LD_RUNPATH_SEARCH_PATHS = "$(inherited) @executable_path/Frameworks @loader_path/Frameworks";
				PRODUCT_NAME = "$(TARGET_NAME)";
				TEST_HOST = "$(BUILT_PRODUCTS_DIR)/NutellaMobileGUI.app/NutellaMobileGUI";
			};
			name = Release;
		};
/* End XCBuildConfiguration section */

/* Begin XCConfigurationList section */
		99EE8F291A6DDB4200D31E89 /* Build configuration list for PBXProject "NutellaMobileGUI" */ = {
			isa = XCConfigurationList;
			buildConfigurations = (
				99EE8F4B1A6DDB4200D31E89 /* Debug */,
				99EE8F4C1A6DDB4200D31E89 /* Release */,
			);
			defaultConfigurationIsVisible = 0;
			defaultConfigurationName = Release;
		};
		99EE8F4D1A6DDB4200D31E89 /* Build configuration list for PBXNativeTarget "NutellaMobileGUI" */ = {
			isa = XCConfigurationList;
			buildConfigurations = (
				99EE8F4E1A6DDB4200D31E89 /* Debug */,
				99EE8F4F1A6DDB4200D31E89 /* Release */,
			);
			defaultConfigurationIsVisible = 0;
			defaultConfigurationName = Release;
		};
		99EE8F501A6DDB4200D31E89 /* Build configuration list for PBXNativeTarget "NutellaMobileGUITests" */ = {
			isa = XCConfigurationList;
			buildConfigurations = (
				99EE8F511A6DDB4200D31E89 /* Debug */,
				99EE8F521A6DDB4200D31E89 /* Release */,
			);
			defaultConfigurationIsVisible = 0;
			defaultConfigurationName = Release;
		};
/* End XCConfigurationList section */
	};
	rootObject = 99EE8F261A6DDB4200D31E89 /* Project object */;
}
